// !$*UTF8*$!
{
	archiveVersion = 1;
	classes = {
	};
	objectVersion = 46;
	objects = {

/* Begin PBXBuildFile section */
		643BF2DE195BE867006C97A6 /* NTOrientationDetector.m in Sources */ = {isa = PBXBuildFile; fileRef = 643BF2DD195BE867006C97A6 /* NTOrientationDetector.m */; };
		644C7717195ABB9500073B58 /* NTCaptureLayer.m in Sources */ = {isa = PBXBuildFile; fileRef = 644C7716195ABB9500073B58 /* NTCaptureLayer.m */; };
		646D049D195966ED004DF74A /* Foundation.framework in Frameworks */ = {isa = PBXBuildFile; fileRef = 646D049C195966ED004DF74A /* Foundation.framework */; };
		646D049F195966ED004DF74A /* CoreGraphics.framework in Frameworks */ = {isa = PBXBuildFile; fileRef = 646D049E195966ED004DF74A /* CoreGraphics.framework */; };
		646D04A1195966ED004DF74A /* UIKit.framework in Frameworks */ = {isa = PBXBuildFile; fileRef = 646D04A0195966ED004DF74A /* UIKit.framework */; };
		646D04A7195966ED004DF74A /* InfoPlist.strings in Resources */ = {isa = PBXBuildFile; fileRef = 646D04A5195966ED004DF74A /* InfoPlist.strings */; };
		646D04A9195966ED004DF74A /* main.m in Sources */ = {isa = PBXBuildFile; fileRef = 646D04A8195966ED004DF74A /* main.m */; };
		646D04AD195966ED004DF74A /* NTAppDelegate.m in Sources */ = {isa = PBXBuildFile; fileRef = 646D04AC195966ED004DF74A /* NTAppDelegate.m */; };
		646D04B0195966ED004DF74A /* Main.storyboard in Resources */ = {isa = PBXBuildFile; fileRef = 646D04AE195966ED004DF74A /* Main.storyboard */; };
		646D04B3195966ED004DF74A /* NTViewController.m in Sources */ = {isa = PBXBuildFile; fileRef = 646D04B2195966ED004DF74A /* NTViewController.m */; };
		646D04B5195966ED004DF74A /* Images.xcassets in Resources */ = {isa = PBXBuildFile; fileRef = 646D04B4195966ED004DF74A /* Images.xcassets */; };
		646D04BC195966ED004DF74A /* XCTest.framework in Frameworks */ = {isa = PBXBuildFile; fileRef = 646D04BB195966ED004DF74A /* XCTest.framework */; };
		646D04BD195966ED004DF74A /* Foundation.framework in Frameworks */ = {isa = PBXBuildFile; fileRef = 646D049C195966ED004DF74A /* Foundation.framework */; };
		646D04BE195966ED004DF74A /* UIKit.framework in Frameworks */ = {isa = PBXBuildFile; fileRef = 646D04A0195966ED004DF74A /* UIKit.framework */; };
		646D04C6195966ED004DF74A /* InfoPlist.strings in Resources */ = {isa = PBXBuildFile; fileRef = 646D04C4195966ED004DF74A /* InfoPlist.strings */; };
		646D04C8195966ED004DF74A /* TransitionDemoTests.m in Sources */ = {isa = PBXBuildFile; fileRef = 646D04C7195966ED004DF74A /* TransitionDemoTests.m */; };
		646D04D4195968B1004DF74A /* NTCollectionViewCell.m in Sources */ = {isa = PBXBuildFile; fileRef = 646D04D3195968B1004DF74A /* NTCollectionViewCell.m */; };
		646D04D71959802B004DF74A /* NTCollectionCaptureCell.m in Sources */ = {isa = PBXBuildFile; fileRef = 646D04D61959802B004DF74A /* NTCollectionCaptureCell.m */; };
		64F785E2195A746400FB1BF4 /* NTImagePickerViewController.m in Sources */ = {isa = PBXBuildFile; fileRef = 64F785E1195A746400FB1BF4 /* NTImagePickerViewController.m */; };
/* End PBXBuildFile section */

/* Begin PBXContainerItemProxy section */
		646D04BF195966ED004DF74A /* PBXContainerItemProxy */ = {
			isa = PBXContainerItemProxy;
			containerPortal = 646D0491195966ED004DF74A /* Project object */;
			proxyType = 1;
			remoteGlobalIDString = 646D0498195966ED004DF74A;
			remoteInfo = TransitionDemo;
		};
/* End PBXContainerItemProxy section */

/* Begin PBXFileReference section */
		643BF2DC195BE867006C97A6 /* NTOrientationDetector.h */ = {isa = PBXFileReference; fileEncoding = 4; lastKnownFileType = sourcecode.c.h; name = NTOrientationDetector.h; path = ../NTOrientationDetector.h; sourceTree = "<group>"; };
		643BF2DD195BE867006C97A6 /* NTOrientationDetector.m */ = {isa = PBXFileReference; fileEncoding = 4; lastKnownFileType = sourcecode.c.objc; name = NTOrientationDetector.m; path = ../NTOrientationDetector.m; sourceTree = "<group>"; };
		644C7715195ABB9500073B58 /* NTCaptureLayer.h */ = {isa = PBXFileReference; fileEncoding = 4; lastKnownFileType = sourcecode.c.h; path = NTCaptureLayer.h; sourceTree = "<group>"; };
		644C7716195ABB9500073B58 /* NTCaptureLayer.m */ = {isa = PBXFileReference; fileEncoding = 4; lastKnownFileType = sourcecode.c.objc; path = NTCaptureLayer.m; sourceTree = "<group>"; };
		646D0499195966ED004DF74A /* TransitionDemo.app */ = {isa = PBXFileReference; explicitFileType = wrapper.application; includeInIndex = 0; path = TransitionDemo.app; sourceTree = BUILT_PRODUCTS_DIR; };
		646D049C195966ED004DF74A /* Foundation.framework */ = {isa = PBXFileReference; lastKnownFileType = wrapper.framework; name = Foundation.framework; path = System/Library/Frameworks/Foundation.framework; sourceTree = SDKROOT; };
		646D049E195966ED004DF74A /* CoreGraphics.framework */ = {isa = PBXFileReference; lastKnownFileType = wrapper.framework; name = CoreGraphics.framework; path = System/Library/Frameworks/CoreGraphics.framework; sourceTree = SDKROOT; };
		646D04A0195966ED004DF74A /* UIKit.framework */ = {isa = PBXFileReference; lastKnownFileType = wrapper.framework; name = UIKit.framework; path = System/Library/Frameworks/UIKit.framework; sourceTree = SDKROOT; };
		646D04A4195966ED004DF74A /* TransitionDemo-Info.plist */ = {isa = PBXFileReference; lastKnownFileType = text.plist.xml; path = "TransitionDemo-Info.plist"; sourceTree = "<group>"; };
		646D04A6195966ED004DF74A /* en */ = {isa = PBXFileReference; lastKnownFileType = text.plist.strings; name = en; path = en.lproj/InfoPlist.strings; sourceTree = "<group>"; };
		646D04A8195966ED004DF74A /* main.m */ = {isa = PBXFileReference; lastKnownFileType = sourcecode.c.objc; path = main.m; sourceTree = "<group>"; };
		646D04AA195966ED004DF74A /* TransitionDemo-Prefix.pch */ = {isa = PBXFileReference; lastKnownFileType = sourcecode.c.h; path = "TransitionDemo-Prefix.pch"; sourceTree = "<group>"; };
		646D04AB195966ED004DF74A /* NTAppDelegate.h */ = {isa = PBXFileReference; lastKnownFileType = sourcecode.c.h; path = NTAppDelegate.h; sourceTree = "<group>"; };
		646D04AC195966ED004DF74A /* NTAppDelegate.m */ = {isa = PBXFileReference; lastKnownFileType = sourcecode.c.objc; path = NTAppDelegate.m; sourceTree = "<group>"; };
		646D04AF195966ED004DF74A /* Base */ = {isa = PBXFileReference; lastKnownFileType = file.storyboard; name = Base; path = Base.lproj/Main.storyboard; sourceTree = "<group>"; };
		646D04B1195966ED004DF74A /* NTViewController.h */ = {isa = PBXFileReference; lastKnownFileType = sourcecode.c.h; path = NTViewController.h; sourceTree = "<group>"; };
		646D04B2195966ED004DF74A /* NTViewController.m */ = {isa = PBXFileReference; lastKnownFileType = sourcecode.c.objc; path = NTViewController.m; sourceTree = "<group>"; };
		646D04B4195966ED004DF74A /* Images.xcassets */ = {isa = PBXFileReference; lastKnownFileType = folder.assetcatalog; path = Images.xcassets; sourceTree = "<group>"; };
		646D04BA195966ED004DF74A /* TransitionDemoTests.xctest */ = {isa = PBXFileReference; explicitFileType = wrapper.cfbundle; includeInIndex = 0; path = TransitionDemoTests.xctest; sourceTree = BUILT_PRODUCTS_DIR; };
		646D04BB195966ED004DF74A /* XCTest.framework */ = {isa = PBXFileReference; lastKnownFileType = wrapper.framework; name = XCTest.framework; path = Library/Frameworks/XCTest.framework; sourceTree = DEVELOPER_DIR; };
		646D04C3195966ED004DF74A /* TransitionDemoTests-Info.plist */ = {isa = PBXFileReference; lastKnownFileType = text.plist.xml; path = "TransitionDemoTests-Info.plist"; sourceTree = "<group>"; };
		646D04C5195966ED004DF74A /* en */ = {isa = PBXFileReference; lastKnownFileType = text.plist.strings; name = en; path = en.lproj/InfoPlist.strings; sourceTree = "<group>"; };
		646D04C7195966ED004DF74A /* TransitionDemoTests.m */ = {isa = PBXFileReference; lastKnownFileType = sourcecode.c.objc; path = TransitionDemoTests.m; sourceTree = "<group>"; };
		646D04D2195968B1004DF74A /* NTCollectionViewCell.h */ = {isa = PBXFileReference; fileEncoding = 4; lastKnownFileType = sourcecode.c.h; path = NTCollectionViewCell.h; sourceTree = "<group>"; };
		646D04D3195968B1004DF74A /* NTCollectionViewCell.m */ = {isa = PBXFileReference; fileEncoding = 4; lastKnownFileType = sourcecode.c.objc; path = NTCollectionViewCell.m; sourceTree = "<group>"; };
		646D04D51959802B004DF74A /* NTCollectionCaptureCell.h */ = {isa = PBXFileReference; fileEncoding = 4; lastKnownFileType = sourcecode.c.h; path = NTCollectionCaptureCell.h; sourceTree = "<group>"; };
		646D04D61959802B004DF74A /* NTCollectionCaptureCell.m */ = {isa = PBXFileReference; fileEncoding = 4; lastKnownFileType = sourcecode.c.objc; path = NTCollectionCaptureCell.m; sourceTree = "<group>"; };
		64F785E0195A746400FB1BF4 /* NTImagePickerViewController.h */ = {isa = PBXFileReference; fileEncoding = 4; lastKnownFileType = sourcecode.c.h; path = NTImagePickerViewController.h; sourceTree = "<group>"; };
		64F785E1195A746400FB1BF4 /* NTImagePickerViewController.m */ = {isa = PBXFileReference; fileEncoding = 4; lastKnownFileType = sourcecode.c.objc; path = NTImagePickerViewController.m; sourceTree = "<group>"; };
/* End PBXFileReference section */

/* Begin PBXFrameworksBuildPhase section */
		646D0496195966ED004DF74A /* Frameworks */ = {
			isa = PBXFrameworksBuildPhase;
			buildActionMask = 2147483647;
			files = (
				646D049F195966ED004DF74A /* CoreGraphics.framework in Frameworks */,
				646D04A1195966ED004DF74A /* UIKit.framework in Frameworks */,
				646D049D195966ED004DF74A /* Foundation.framework in Frameworks */,
			);
			runOnlyForDeploymentPostprocessing = 0;
		};
		646D04B7195966ED004DF74A /* Frameworks */ = {
			isa = PBXFrameworksBuildPhase;
			buildActionMask = 2147483647;
			files = (
				646D04BC195966ED004DF74A /* XCTest.framework in Frameworks */,
				646D04BE195966ED004DF74A /* UIKit.framework in Frameworks */,
				646D04BD195966ED004DF74A /* Foundation.framework in Frameworks */,
			);
			runOnlyForDeploymentPostprocessing = 0;
		};
/* End PBXFrameworksBuildPhase section */

/* Begin PBXGroup section */
		64078FCA195AEEA700362A83 /* AccelerometerOrientation */ = {
			isa = PBXGroup;
			children = (
				643BF2DC195BE867006C97A6 /* NTOrientationDetector.h */,
				643BF2DD195BE867006C97A6 /* NTOrientationDetector.m */,
			);
			name = AccelerometerOrientation;
			sourceTree = "<group>";
		};
		644C7714195ABB6C00073B58 /* NTCaptureLayer */ = {
			isa = PBXGroup;
			children = (
				644C7715195ABB9500073B58 /* NTCaptureLayer.h */,
				644C7716195ABB9500073B58 /* NTCaptureLayer.m */,
			);
			name = NTCaptureLayer;
			sourceTree = "<group>";
		};
		646D0490195966ED004DF74A = {
			isa = PBXGroup;
			children = (
				646D04A2195966ED004DF74A /* TransitionDemo */,
				646D04C1195966ED004DF74A /* TransitionDemoTests */,
				646D049B195966ED004DF74A /* Frameworks */,
				646D049A195966ED004DF74A /* Products */,
			);
			sourceTree = "<group>";
		};
		646D049A195966ED004DF74A /* Products */ = {
			isa = PBXGroup;
			children = (
				646D0499195966ED004DF74A /* TransitionDemo.app */,
				646D04BA195966ED004DF74A /* TransitionDemoTests.xctest */,
			);
			name = Products;
			sourceTree = "<group>";
		};
		646D049B195966ED004DF74A /* Frameworks */ = {
			isa = PBXGroup;
			children = (
				646D049C195966ED004DF74A /* Foundation.framework */,
				646D049E195966ED004DF74A /* CoreGraphics.framework */,
				646D04A0195966ED004DF74A /* UIKit.framework */,
				646D04BB195966ED004DF74A /* XCTest.framework */,
			);
			name = Frameworks;
			sourceTree = "<group>";
		};
		646D04A2195966ED004DF74A /* TransitionDemo */ = {
			isa = PBXGroup;
			children = (
				64078FCA195AEEA700362A83 /* AccelerometerOrientation */,
				644C7714195ABB6C00073B58 /* NTCaptureLayer */,
				64F785E3195A746800FB1BF4 /* NTImagePicker */,
				646D04D11959689C004DF74A /* NTCollectionViewCell */,
				646D04AB195966ED004DF74A /* NTAppDelegate.h */,
				646D04AC195966ED004DF74A /* NTAppDelegate.m */,
				646D04AE195966ED004DF74A /* Main.storyboard */,
				646D04B1195966ED004DF74A /* NTViewController.h */,
				646D04B2195966ED004DF74A /* NTViewController.m */,
				646D04B4195966ED004DF74A /* Images.xcassets */,
				646D04A3195966ED004DF74A /* Supporting Files */,
			);
			path = TransitionDemo;
			sourceTree = "<group>";
		};
		646D04A3195966ED004DF74A /* Supporting Files */ = {
			isa = PBXGroup;
			children = (
				646D04A4195966ED004DF74A /* TransitionDemo-Info.plist */,
				646D04A5195966ED004DF74A /* InfoPlist.strings */,
				646D04A8195966ED004DF74A /* main.m */,
				646D04AA195966ED004DF74A /* TransitionDemo-Prefix.pch */,
			);
			name = "Supporting Files";
			sourceTree = "<group>";
		};
		646D04C1195966ED004DF74A /* TransitionDemoTests */ = {
			isa = PBXGroup;
			children = (
				646D04C7195966ED004DF74A /* TransitionDemoTests.m */,
				646D04C2195966ED004DF74A /* Supporting Files */,
			);
			path = TransitionDemoTests;
			sourceTree = "<group>";
		};
		646D04C2195966ED004DF74A /* Supporting Files */ = {
			isa = PBXGroup;
			children = (
				646D04C3195966ED004DF74A /* TransitionDemoTests-Info.plist */,
				646D04C4195966ED004DF74A /* InfoPlist.strings */,
			);
			name = "Supporting Files";
			sourceTree = "<group>";
		};
		646D04D11959689C004DF74A /* NTCollectionViewCell */ = {
			isa = PBXGroup;
			children = (
				646D04D2195968B1004DF74A /* NTCollectionViewCell.h */,
				646D04D3195968B1004DF74A /* NTCollectionViewCell.m */,
				646D04D51959802B004DF74A /* NTCollectionCaptureCell.h */,
				646D04D61959802B004DF74A /* NTCollectionCaptureCell.m */,
			);
			name = NTCollectionViewCell;
			sourceTree = "<group>";
		};
		64F785E3195A746800FB1BF4 /* NTImagePicker */ = {
			isa = PBXGroup;
			children = (
				64F785E0195A746400FB1BF4 /* NTImagePickerViewController.h */,
				64F785E1195A746400FB1BF4 /* NTImagePickerViewController.m */,
			);
			name = NTImagePicker;
			sourceTree = "<group>";
		};
/* End PBXGroup section */

/* Begin PBXNativeTarget section */
		646D0498195966ED004DF74A /* TransitionDemo */ = {
			isa = PBXNativeTarget;
			buildConfigurationList = 646D04CB195966ED004DF74A /* Build configuration list for PBXNativeTarget "TransitionDemo" */;
			buildPhases = (
				646D0495195966ED004DF74A /* Sources */,
				646D0496195966ED004DF74A /* Frameworks */,
				646D0497195966ED004DF74A /* Resources */,
			);
			buildRules = (
			);
			dependencies = (
			);
			name = TransitionDemo;
			productName = TransitionDemo;
			productReference = 646D0499195966ED004DF74A /* TransitionDemo.app */;
			productType = "com.apple.product-type.application";
		};
		646D04B9195966ED004DF74A /* TransitionDemoTests */ = {
			isa = PBXNativeTarget;
			buildConfigurationList = 646D04CE195966ED004DF74A /* Build configuration list for PBXNativeTarget "TransitionDemoTests" */;
			buildPhases = (
				646D04B6195966ED004DF74A /* Sources */,
				646D04B7195966ED004DF74A /* Frameworks */,
				646D04B8195966ED004DF74A /* Resources */,
			);
			buildRules = (
			);
			dependencies = (
				646D04C0195966ED004DF74A /* PBXTargetDependency */,
			);
			name = TransitionDemoTests;
			productName = TransitionDemoTests;
			productReference = 646D04BA195966ED004DF74A /* TransitionDemoTests.xctest */;
			productType = "com.apple.product-type.bundle.unit-test";
		};
/* End PBXNativeTarget section */

/* Begin PBXProject section */
		646D0491195966ED004DF74A /* Project object */ = {
			isa = PBXProject;
			attributes = {
				CLASSPREFIX = NT;
				LastUpgradeCheck = 0510;
				ORGANIZATIONNAME = "Nicholas Tau";
				TargetAttributes = {
					646D04B9195966ED004DF74A = {
						TestTargetID = 646D0498195966ED004DF74A;
					};
				};
			};
			buildConfigurationList = 646D0494195966ED004DF74A /* Build configuration list for PBXProject "TransitionDemo" */;
			compatibilityVersion = "Xcode 3.2";
			developmentRegion = English;
			hasScannedForEncodings = 0;
			knownRegions = (
				en,
				Base,
			);
			mainGroup = 646D0490195966ED004DF74A;
			productRefGroup = 646D049A195966ED004DF74A /* Products */;
			projectDirPath = "";
			projectRoot = "";
			targets = (
				646D0498195966ED004DF74A /* TransitionDemo */,
				646D04B9195966ED004DF74A /* TransitionDemoTests */,
			);
		};
/* End PBXProject section */

/* Begin PBXResourcesBuildPhase section */
		646D0497195966ED004DF74A /* Resources */ = {
			isa = PBXResourcesBuildPhase;
			buildActionMask = 2147483647;
			files = (
				646D04B5195966ED004DF74A /* Images.xcassets in Resources */,
				646D04A7195966ED004DF74A /* InfoPlist.strings in Resources */,
				646D04B0195966ED004DF74A /* Main.storyboard in Resources */,
			);
			runOnlyForDeploymentPostprocessing = 0;
		};
		646D04B8195966ED004DF74A /* Resources */ = {
			isa = PBXResourcesBuildPhase;
			buildActionMask = 2147483647;
			files = (
				646D04C6195966ED004DF74A /* InfoPlist.strings in Resources */,
			);
			runOnlyForDeploymentPostprocessing = 0;
		};
/* End PBXResourcesBuildPhase section */

/* Begin PBXSourcesBuildPhase section */
		646D0495195966ED004DF74A /* Sources */ = {
			isa = PBXSourcesBuildPhase;
			buildActionMask = 2147483647;
			files = (
				64F785E2195A746400FB1BF4 /* NTImagePickerViewController.m in Sources */,
				646D04B3195966ED004DF74A /* NTViewController.m in Sources */,
				643BF2DE195BE867006C97A6 /* NTOrientationDetector.m in Sources */,
				646D04AD195966ED004DF74A /* NTAppDelegate.m in Sources */,
				646D04D4195968B1004DF74A /* NTCollectionViewCell.m in Sources */,
				646D04D71959802B004DF74A /* NTCollectionCaptureCell.m in Sources */,
				644C7717195ABB9500073B58 /* NTCaptureLayer.m in Sources */,
				646D04A9195966ED004DF74A /* main.m in Sources */,
			);
			runOnlyForDeploymentPostprocessing = 0;
		};
		646D04B6195966ED004DF74A /* Sources */ = {
			isa = PBXSourcesBuildPhase;
			buildActionMask = 2147483647;
			files = (
				646D04C8195966ED004DF74A /* TransitionDemoTests.m in Sources */,
			);
			runOnlyForDeploymentPostprocessing = 0;
		};
/* End PBXSourcesBuildPhase section */

/* Begin PBXTargetDependency section */
		646D04C0195966ED004DF74A /* PBXTargetDependency */ = {
			isa = PBXTargetDependency;
			target = 646D0498195966ED004DF74A /* TransitionDemo */;
			targetProxy = 646D04BF195966ED004DF74A /* PBXContainerItemProxy */;
		};
/* End PBXTargetDependency section */

/* Begin PBXVariantGroup section */
		646D04A5195966ED004DF74A /* InfoPlist.strings */ = {
			isa = PBXVariantGroup;
			children = (
				646D04A6195966ED004DF74A /* en */,
			);
			name = InfoPlist.strings;
			sourceTree = "<group>";
		};
		646D04AE195966ED004DF74A /* Main.storyboard */ = {
			isa = PBXVariantGroup;
			children = (
				646D04AF195966ED004DF74A /* Base */,
			);
			name = Main.storyboard;
			sourceTree = "<group>";
		};
		646D04C4195966ED004DF74A /* InfoPlist.strings */ = {
			isa = PBXVariantGroup;
			children = (
				646D04C5195966ED004DF74A /* en */,
			);
			name = InfoPlist.strings;
			sourceTree = "<group>";
		};
/* End PBXVariantGroup section */

/* Begin XCBuildConfiguration section */
		646D04C9195966ED004DF74A /* Debug */ = {
			isa = XCBuildConfiguration;
			buildSettings = {
				ALWAYS_SEARCH_USER_PATHS = NO;
				CLANG_CXX_LANGUAGE_STANDARD = "gnu++0x";
				CLANG_CXX_LIBRARY = "libc++";
				CLANG_ENABLE_MODULES = YES;
				CLANG_ENABLE_OBJC_ARC = YES;
				CLANG_WARN_BOOL_CONVERSION = YES;
				CLANG_WARN_CONSTANT_CONVERSION = YES;
				CLANG_WARN_DIRECT_OBJC_ISA_USAGE = YES_ERROR;
				CLANG_WARN_EMPTY_BODY = YES;
				CLANG_WARN_ENUM_CONVERSION = YES;
				CLANG_WARN_INT_CONVERSION = YES;
				CLANG_WARN_OBJC_ROOT_CLASS = YES_ERROR;
				CLANG_WARN__DUPLICATE_METHOD_MATCH = YES;
				"CODE_SIGN_IDENTITY[sdk=iphoneos*]" = "iPhone Developer";
				COPY_PHASE_STRIP = NO;
				GCC_C_LANGUAGE_STANDARD = gnu99;
				GCC_DYNAMIC_NO_PIC = NO;
				GCC_OPTIMIZATION_LEVEL = 0;
				GCC_PREPROCESSOR_DEFINITIONS = (
					"DEBUG=1",
					"$(inherited)",
				);
				GCC_SYMBOLS_PRIVATE_EXTERN = NO;
				GCC_WARN_64_TO_32_BIT_CONVERSION = YES;
				GCC_WARN_ABOUT_RETURN_TYPE = YES_ERROR;
				GCC_WARN_UNDECLARED_SELECTOR = YES;
				GCC_WARN_UNINITIALIZED_AUTOS = YES_AGGRESSIVE;
				GCC_WARN_UNUSED_FUNCTION = YES;
				GCC_WARN_UNUSED_VARIABLE = YES;
				IPHONEOS_DEPLOYMENT_TARGET = 7.1;
				ONLY_ACTIVE_ARCH = YES;
				SDKROOT = iphoneos;
			};
			name = Debug;
		};
		646D04CA195966ED004DF74A /* Release */ = {
			isa = XCBuildConfiguration;
			buildSettings = {
				ALWAYS_SEARCH_USER_PATHS = NO;
				CLANG_CXX_LANGUAGE_STANDARD = "gnu++0x";
				CLANG_CXX_LIBRARY = "libc++";
				CLANG_ENABLE_MODULES = YES;
				CLANG_ENABLE_OBJC_ARC = YES;
				CLANG_WARN_BOOL_CONVERSION = YES;
				CLANG_WARN_CONSTANT_CONVERSION = YES;
				CLANG_WARN_DIRECT_OBJC_ISA_USAGE = YES_ERROR;
				CLANG_WARN_EMPTY_BODY = YES;
				CLANG_WARN_ENUM_CONVERSION = YES;
				CLANG_WARN_INT_CONVERSION = YES;
				CLANG_WARN_OBJC_ROOT_CLASS = YES_ERROR;
				CLANG_WARN__DUPLICATE_METHOD_MATCH = YES;
				"CODE_SIGN_IDENTITY[sdk=iphoneos*]" = "iPhone Developer";
				COPY_PHASE_STRIP = YES;
				ENABLE_NS_ASSERTIONS = NO;
				GCC_C_LANGUAGE_STANDARD = gnu99;
				GCC_WARN_64_TO_32_BIT_CONVERSION = YES;
				GCC_WARN_ABOUT_RETURN_TYPE = YES_ERROR;
				GCC_WARN_UNDECLARED_SELECTOR = YES;
				GCC_WARN_UNINITIALIZED_AUTOS = YES_AGGRESSIVE;
				GCC_WARN_UNUSED_FUNCTION = YES;
				GCC_WARN_UNUSED_VARIABLE = YES;
				IPHONEOS_DEPLOYMENT_TARGET = 7.1;
				SDKROOT = iphoneos;
				VALIDATE_PRODUCT = YES;
			};
			name = Release;
		};
		646D04CC195966ED004DF74A /* Debug */ = {
			isa = XCBuildConfiguration;
			buildSettings = {
				ASSETCATALOG_COMPILER_APPICON_NAME = AppIcon;
				ASSETCATALOG_COMPILER_LAUNCHIMAGE_NAME = LaunchImage;
				GCC_PRECOMPILE_PREFIX_HEADER = YES;
				GCC_PREFIX_HEADER = "TransitionDemo/TransitionDemo-Prefix.pch";
				INFOPLIST_FILE = "TransitionDemo/TransitionDemo-Info.plist";
				IPHONEOS_DEPLOYMENT_TARGET = 7.0;
				PRODUCT_NAME = "$(TARGET_NAME)";
				WRAPPER_EXTENSION = app;
			};
			name = Debug;
		};
		646D04CD195966ED004DF74A /* Release */ = {
			isa = XCBuildConfiguration;
			buildSettings = {
				ASSETCATALOG_COMPILER_APPICON_NAME = AppIcon;
				ASSETCATALOG_COMPILER_LAUNCHIMAGE_NAME = LaunchImage;
				GCC_PRECOMPILE_PREFIX_HEADER = YES;
				GCC_PREFIX_HEADER = "TransitionDemo/TransitionDemo-Prefix.pch";
				INFOPLIST_FILE = "TransitionDemo/TransitionDemo-Info.plist";
				IPHONEOS_DEPLOYMENT_TARGET = 7.0;
				PRODUCT_NAME = "$(TARGET_NAME)";
				WRAPPER_EXTENSION = app;
			};
			name = Release;
		};
		646D04CF195966ED004DF74A /* Debug */ = {
			isa = XCBuildConfiguration;
			buildSettings = {
				BUNDLE_LOADER = "$(BUILT_PRODUCTS_DIR)/TransitionDemo.app/TransitionDemo";
				FRAMEWORK_SEARCH_PATHS = (
					"$(SDKROOT)/Developer/Library/Frameworks",
					"$(inherited)",
					"$(DEVELOPER_FRAMEWORKS_DIR)",
				);
				GCC_PRECOMPILE_PREFIX_HEADER = YES;
				GCC_PREFIX_HEADER = "TransitionDemo/TransitionDemo-Prefix.pch";
				GCC_PREPROCESSOR_DEFINITIONS = (
					"DEBUG=1",
					"$(inherited)",
				);
				INFOPLIST_FILE = "TransitionDemoTests/TransitionDemoTests-Info.plist";
				PRODUCT_NAME = "$(TARGET_NAME)";
				TEST_HOST = "$(BUNDLE_LOADER)";
				WRAPPER_EXTENSION = xctest;
			};
			name = Debug;
		};
		646D04D0195966ED004DF74A /* Release */ = {
			isa = XCBuildConfiguration;
			buildSettings = {
				BUNDLE_LOADER = "$(BUILT_PRODUCTS_DIR)/TransitionDemo.app/TransitionDemo";
				FRAMEWORK_SEARCH_PATHS = (
					"$(SDKROOT)/Developer/Library/Frameworks",
					"$(inherited)",
					"$(DEVELOPER_FRAMEWORKS_DIR)",
				);
				GCC_PRECOMPILE_PREFIX_HEADER = YES;
				GCC_PREFIX_HEADER = "TransitionDemo/TransitionDemo-Prefix.pch";
				INFOPLIST_FILE = "TransitionDemoTests/TransitionDemoTests-Info.plist";
				PRODUCT_NAME = "$(TARGET_NAME)";
				TEST_HOST = "$(BUNDLE_LOADER)";
				WRAPPER_EXTENSION = xctest;
			};
			name = Release;
		};
/* End XCBuildConfiguration section */

/* Begin XCConfigurationList section */
		646D0494195966ED004DF74A /* Build configuration list for PBXProject "TransitionDemo" */ = {
			isa = XCConfigurationList;
			buildConfigurations = (
				646D04C9195966ED004DF74A /* Debug */,
				646D04CA195966ED004DF74A /* Release */,
			);
			defaultConfigurationIsVisible = 0;
			defaultConfigurationName = Release;
		};
		646D04CB195966ED004DF74A /* Build configuration list for PBXNativeTarget "TransitionDemo" */ = {
			isa = XCConfigurationList;
			buildConfigurations = (
				646D04CC195966ED004DF74A /* Debug */,
				646D04CD195966ED004DF74A /* Release */,
			);
			defaultConfigurationIsVisible = 0;
			defaultConfigurationName = Release;
		};
		646D04CE195966ED004DF74A /* Build configuration list for PBXNativeTarget "TransitionDemoTests" */ = {
			isa = XCConfigurationList;
			buildConfigurations = (
				646D04CF195966ED004DF74A /* Debug */,
				646D04D0195966ED004DF74A /* Release */,
			);
			defaultConfigurationIsVisible = 0;
			defaultConfigurationName = Release;
		};
/* End XCConfigurationList section */
	};
	rootObject = 646D0491195966ED004DF74A /* Project object */;
}
